// !$*UTF8*$!
{
	archiveVersion = 1;
	classes = {
	};
	objectVersion = 50;
	objects = {

/* Begin PBXBuildFile section */
		2C407FF12514F61200E8614A /* AppDelegate.swift in Sources */ = {isa = PBXBuildFile; fileRef = 2C407FF02514F61200E8614A /* AppDelegate.swift */; };
		2C407FF32514F61200E8614A /* SceneDelegate.swift in Sources */ = {isa = PBXBuildFile; fileRef = 2C407FF22514F61200E8614A /* SceneDelegate.swift */; };
		2C407FF52514F61200E8614A /* ViewController.swift in Sources */ = {isa = PBXBuildFile; fileRef = 2C407FF42514F61200E8614A /* ViewController.swift */; };
		2C407FF82514F61200E8614A /* Main.storyboard in Resources */ = {isa = PBXBuildFile; fileRef = 2C407FF62514F61200E8614A /* Main.storyboard */; };
		2C407FFA2514F61500E8614A /* Assets.xcassets in Resources */ = {isa = PBXBuildFile; fileRef = 2C407FF92514F61500E8614A /* Assets.xcassets */; };
		2C407FFD2514F61500E8614A /* LaunchScreen.storyboard in Resources */ = {isa = PBXBuildFile; fileRef = 2C407FFB2514F61500E8614A /* LaunchScreen.storyboard */; };
		2C4080082514F61600E8614A /* TechtaGramTests.swift in Sources */ = {isa = PBXBuildFile; fileRef = 2C4080072514F61600E8614A /* TechtaGramTests.swift */; };
		2C4080132514F61600E8614A /* TechtaGramUITests.swift in Sources */ = {isa = PBXBuildFile; fileRef = 2C4080122514F61600E8614A /* TechtaGramUITests.swift */; };
/* End PBXBuildFile section */

/* Begin PBXContainerItemProxy section */
		2C4080042514F61600E8614A /* PBXContainerItemProxy */ = {
			isa = PBXContainerItemProxy;
			containerPortal = 2C407FE52514F61200E8614A /* Project object */;
			proxyType = 1;
			remoteGlobalIDString = 2C407FEC2514F61200E8614A;
			remoteInfo = TechtaGram;
		};
		2C40800F2514F61600E8614A /* PBXContainerItemProxy */ = {
			isa = PBXContainerItemProxy;
			containerPortal = 2C407FE52514F61200E8614A /* Project object */;
			proxyType = 1;
			remoteGlobalIDString = 2C407FEC2514F61200E8614A;
			remoteInfo = TechtaGram;
		};
/* End PBXContainerItemProxy section */

/* Begin PBXFileReference section */
		2C407FED2514F61200E8614A /* TechtaGram.app */ = {isa = PBXFileReference; explicitFileType = wrapper.application; includeInIndex = 0; path = TechtaGram.app; sourceTree = BUILT_PRODUCTS_DIR; };
		2C407FF02514F61200E8614A /* AppDelegate.swift */ = {isa = PBXFileReference; lastKnownFileType = sourcecode.swift; path = AppDelegate.swift; sourceTree = "<group>"; };
		2C407FF22514F61200E8614A /* SceneDelegate.swift */ = {isa = PBXFileReference; lastKnownFileType = sourcecode.swift; path = SceneDelegate.swift; sourceTree = "<group>"; };
		2C407FF42514F61200E8614A /* ViewController.swift */ = {isa = PBXFileReference; lastKnownFileType = sourcecode.swift; path = ViewController.swift; sourceTree = "<group>"; };
		2C407FF72514F61200E8614A /* Base */ = {isa = PBXFileReference; lastKnownFileType = file.storyboard; name = Base; path = Base.lproj/Main.storyboard; sourceTree = "<group>"; };
		2C407FF92514F61500E8614A /* Assets.xcassets */ = {isa = PBXFileReference; lastKnownFileType = folder.assetcatalog; path = Assets.xcassets; sourceTree = "<group>"; };
		2C407FFC2514F61500E8614A /* Base */ = {isa = PBXFileReference; lastKnownFileType = file.storyboard; name = Base; path = Base.lproj/LaunchScreen.storyboard; sourceTree = "<group>"; };
		2C407FFE2514F61500E8614A /* Info.plist */ = {isa = PBXFileReference; lastKnownFileType = text.plist.xml; path = Info.plist; sourceTree = "<group>"; };
		2C4080032514F61600E8614A /* TechtaGramTests.xctest */ = {isa = PBXFileReference; explicitFileType = wrapper.cfbundle; includeInIndex = 0; path = TechtaGramTests.xctest; sourceTree = BUILT_PRODUCTS_DIR; };
		2C4080072514F61600E8614A /* TechtaGramTests.swift */ = {isa = PBXFileReference; lastKnownFileType = sourcecode.swift; path = TechtaGramTests.swift; sourceTree = "<group>"; };
		2C4080092514F61600E8614A /* Info.plist */ = {isa = PBXFileReference; lastKnownFileType = text.plist.xml; path = Info.plist; sourceTree = "<group>"; };
		2C40800E2514F61600E8614A /* TechtaGramUITests.xctest */ = {isa = PBXFileReference; explicitFileType = wrapper.cfbundle; includeInIndex = 0; path = TechtaGramUITests.xctest; sourceTree = BUILT_PRODUCTS_DIR; };
		2C4080122514F61600E8614A /* TechtaGramUITests.swift */ = {isa = PBXFileReference; lastKnownFileType = sourcecode.swift; path = TechtaGramUITests.swift; sourceTree = "<group>"; };
		2C4080142514F61600E8614A /* Info.plist */ = {isa = PBXFileReference; lastKnownFileType = text.plist.xml; path = Info.plist; sourceTree = "<group>"; };
/* End PBXFileReference section */

/* Begin PBXFrameworksBuildPhase section */
		2C407FEA2514F61200E8614A /* Frameworks */ = {
			isa = PBXFrameworksBuildPhase;
			buildActionMask = 2147483647;
			files = (
			);
			runOnlyForDeploymentPostprocessing = 0;
		};
		2C4080002514F61600E8614A /* Frameworks */ = {
			isa = PBXFrameworksBuildPhase;
			buildActionMask = 2147483647;
			files = (
			);
			runOnlyForDeploymentPostprocessing = 0;
		};
		2C40800B2514F61600E8614A /* Frameworks */ = {
			isa = PBXFrameworksBuildPhase;
			buildActionMask = 2147483647;
			files = (
			);
			runOnlyForDeploymentPostprocessing = 0;
		};
/* End PBXFrameworksBuildPhase section */

/* Begin PBXGroup section */
		2C407FE42514F61200E8614A = {
			isa = PBXGroup;
			children = (
				2C407FEF2514F61200E8614A /* TechtaGram */,
				2C4080062514F61600E8614A /* TechtaGramTests */,
				2C4080112514F61600E8614A /* TechtaGramUITests */,
				2C407FEE2514F61200E8614A /* Products */,
			);
			sourceTree = "<group>";
		};
		2C407FEE2514F61200E8614A /* Products */ = {
			isa = PBXGroup;
			children = (
				2C407FED2514F61200E8614A /* TechtaGram.app */,
				2C4080032514F61600E8614A /* TechtaGramTests.xctest */,
				2C40800E2514F61600E8614A /* TechtaGramUITests.xctest */,
			);
			name = Products;
			sourceTree = "<group>";
		};
		2C407FEF2514F61200E8614A /* TechtaGram */ = {
			isa = PBXGroup;
			children = (
				2C407FF02514F61200E8614A /* AppDelegate.swift */,
				2C407FF22514F61200E8614A /* SceneDelegate.swift */,
				2C407FF42514F61200E8614A /* ViewController.swift */,
				2C407FF62514F61200E8614A /* Main.storyboard */,
				2C407FF92514F61500E8614A /* Assets.xcassets */,
				2C407FFB2514F61500E8614A /* LaunchScreen.storyboard */,
				2C407FFE2514F61500E8614A /* Info.plist */,
			);
			path = TechtaGram;
			sourceTree = "<group>";
		};
		2C4080062514F61600E8614A /* TechtaGramTests */ = {
			isa = PBXGroup;
			children = (
				2C4080072514F61600E8614A /* TechtaGramTests.swift */,
				2C4080092514F61600E8614A /* Info.plist */,
			);
			path = TechtaGramTests;
			sourceTree = "<group>";
		};
		2C4080112514F61600E8614A /* TechtaGramUITests */ = {
			isa = PBXGroup;
			children = (
				2C4080122514F61600E8614A /* TechtaGramUITests.swift */,
				2C4080142514F61600E8614A /* Info.plist */,
			);
			path = TechtaGramUITests;
			sourceTree = "<group>";
		};
/* End PBXGroup section */

/* Begin PBXNativeTarget section */
		2C407FEC2514F61200E8614A /* TechtaGram */ = {
			isa = PBXNativeTarget;
			buildConfigurationList = 2C4080172514F61600E8614A /* Build configuration list for PBXNativeTarget "TechtaGram" */;
			buildPhases = (
				2C407FE92514F61200E8614A /* Sources */,
				2C407FEA2514F61200E8614A /* Frameworks */,
				2C407FEB2514F61200E8614A /* Resources */,
			);
			buildRules = (
			);
			dependencies = (
			);
			name = TechtaGram;
			productName = TechtaGram;
			productReference = 2C407FED2514F61200E8614A /* TechtaGram.app */;
			productType = "com.apple.product-type.application";
		};
		2C4080022514F61600E8614A /* TechtaGramTests */ = {
			isa = PBXNativeTarget;
			buildConfigurationList = 2C40801A2514F61600E8614A /* Build configuration list for PBXNativeTarget "TechtaGramTests" */;
			buildPhases = (
				2C407FFF2514F61600E8614A /* Sources */,
				2C4080002514F61600E8614A /* Frameworks */,
				2C4080012514F61600E8614A /* Resources */,
			);
			buildRules = (
			);
			dependencies = (
				2C4080052514F61600E8614A /* PBXTargetDependency */,
			);
			name = TechtaGramTests;
			productName = TechtaGramTests;
			productReference = 2C4080032514F61600E8614A /* TechtaGramTests.xctest */;
			productType = "com.apple.product-type.bundle.unit-test";
		};
		2C40800D2514F61600E8614A /* TechtaGramUITests */ = {
			isa = PBXNativeTarget;
			buildConfigurationList = 2C40801D2514F61600E8614A /* Build configuration list for PBXNativeTarget "TechtaGramUITests" */;
			buildPhases = (
				2C40800A2514F61600E8614A /* Sources */,
				2C40800B2514F61600E8614A /* Frameworks */,
				2C40800C2514F61600E8614A /* Resources */,
			);
			buildRules = (
			);
			dependencies = (
				2C4080102514F61600E8614A /* PBXTargetDependency */,
			);
			name = TechtaGramUITests;
			productName = TechtaGramUITests;
			productReference = 2C40800E2514F61600E8614A /* TechtaGramUITests.xctest */;
			productType = "com.apple.product-type.bundle.ui-testing";
		};
/* End PBXNativeTarget section */

/* Begin PBXProject section */
		2C407FE52514F61200E8614A /* Project object */ = {
			isa = PBXProject;
			attributes = {
				LastSwiftUpdateCheck = 1200;
				LastUpgradeCheck = 1200;
				TargetAttributes = {
					2C407FEC2514F61200E8614A = {
						CreatedOnToolsVersion = 12.0;
					};
					2C4080022514F61600E8614A = {
						CreatedOnToolsVersion = 12.0;
						TestTargetID = 2C407FEC2514F61200E8614A;
					};
					2C40800D2514F61600E8614A = {
						CreatedOnToolsVersion = 12.0;
						TestTargetID = 2C407FEC2514F61200E8614A;
					};
				};
			};
			buildConfigurationList = 2C407FE82514F61200E8614A /* Build configuration list for PBXProject "TechtaGram" */;
			compatibilityVersion = "Xcode 9.3";
			developmentRegion = en;
			hasScannedForEncodings = 0;
			knownRegions = (
				en,
				Base,
			);
			mainGroup = 2C407FE42514F61200E8614A;
			productRefGroup = 2C407FEE2514F61200E8614A /* Products */;
			projectDirPath = "";
			projectRoot = "";
			targets = (
				2C407FEC2514F61200E8614A /* TechtaGram */,
				2C4080022514F61600E8614A /* TechtaGramTests */,
				2C40800D2514F61600E8614A /* TechtaGramUITests */,
			);
		};
/* End PBXProject section */

/* Begin PBXResourcesBuildPhase section */
		2C407FEB2514F61200E8614A /* Resources */ = {
			isa = PBXResourcesBuildPhase;
			buildActionMask = 2147483647;
			files = (
				2C407FFD2514F61500E8614A /* LaunchScreen.storyboard in Resources */,
				2C407FFA2514F61500E8614A /* Assets.xcassets in Resources */,
				2C407FF82514F61200E8614A /* Main.storyboard in Resources */,
			);
			runOnlyForDeploymentPostprocessing = 0;
		};
		2C4080012514F61600E8614A /* Resources */ = {
			isa = PBXResourcesBuildPhase;
			buildActionMask = 2147483647;
			files = (
			);
			runOnlyForDeploymentPostprocessing = 0;
		};
		2C40800C2514F61600E8614A /* Resources */ = {
			isa = PBXResourcesBuildPhase;
			buildActionMask = 2147483647;
			files = (
			);
			runOnlyForDeploymentPostprocessing = 0;
		};
/* End PBXResourcesBuildPhase section */

/* Begin PBXSourcesBuildPhase section */
		2C407FE92514F61200E8614A /* Sources */ = {
			isa = PBXSourcesBuildPhase;
			buildActionMask = 2147483647;
			files = (
				2C407FF52514F61200E8614A /* ViewController.swift in Sources */,
				2C407FF12514F61200E8614A /* AppDelegate.swift in Sources */,
				2C407FF32514F61200E8614A /* SceneDelegate.swift in Sources */,
			);
			runOnlyForDeploymentPostprocessing = 0;
		};
		2C407FFF2514F61600E8614A /* Sources */ = {
			isa = PBXSourcesBuildPhase;
			buildActionMask = 2147483647;
			files = (
				2C4080082514F61600E8614A /* TechtaGramTests.swift in Sources */,
			);
			runOnlyForDeploymentPostprocessing = 0;
		};
		2C40800A2514F61600E8614A /* Sources */ = {
			isa = PBXSourcesBuildPhase;
			buildActionMask = 2147483647;
			files = (
				2C4080132514F61600E8614A /* TechtaGramUITests.swift in Sources */,
			);
			runOnlyForDeploymentPostprocessing = 0;
		};
/* End PBXSourcesBuildPhase section */

/* Begin PBXTargetDependency section */
		2C4080052514F61600E8614A /* PBXTargetDependency */ = {
			isa = PBXTargetDependency;
			target = 2C407FEC2514F61200E8614A /* TechtaGram */;
			targetProxy = 2C4080042514F61600E8614A /* PBXContainerItemProxy */;
		};
		2C4080102514F61600E8614A /* PBXTargetDependency */ = {
			isa = PBXTargetDependency;
			target = 2C407FEC2514F61200E8614A /* TechtaGram */;
			targetProxy = 2C40800F2514F61600E8614A /* PBXContainerItemProxy */;
		};
/* End PBXTargetDependency section */

/* Begin PBXVariantGroup section */
		2C407FF62514F61200E8614A /* Main.storyboard */ = {
			isa = PBXVariantGroup;
			children = (
				2C407FF72514F61200E8614A /* Base */,
			);
			name = Main.storyboard;
			sourceTree = "<group>";
		};
		2C407FFB2514F61500E8614A /* LaunchScreen.storyboard */ = {
			isa = PBXVariantGroup;
			children = (
				2C407FFC2514F61500E8614A /* Base */,
			);
			name = LaunchScreen.storyboard;
			sourceTree = "<group>";
		};
/* End PBXVariantGroup section */

/* Begin XCBuildConfiguration section */
		2C4080152514F61600E8614A /* Debug */ = {
			isa = XCBuildConfiguration;
			buildSettings = {
				ALWAYS_SEARCH_USER_PATHS = NO;
				CLANG_ANALYZER_NONNULL = YES;
				CLANG_ANALYZER_NUMBER_OBJECT_CONVERSION = YES_AGGRESSIVE;
				CLANG_CXX_LANGUAGE_STANDARD = "gnu++14";
				CLANG_CXX_LIBRARY = "libc++";
				CLANG_ENABLE_MODULES = YES;
				CLANG_ENABLE_OBJC_ARC = YES;
				CLANG_ENABLE_OBJC_WEAK = YES;
				CLANG_WARN_BLOCK_CAPTURE_AUTORELEASING = YES;
				CLANG_WARN_BOOL_CONVERSION = YES;
				CLANG_WARN_COMMA = YES;
				CLANG_WARN_CONSTANT_CONVERSION = YES;
				CLANG_WARN_DEPRECATED_OBJC_IMPLEMENTATIONS = YES;
				CLANG_WARN_DIRECT_OBJC_ISA_USAGE = YES_ERROR;
				CLANG_WARN_DOCUMENTATION_COMMENTS = YES;
				CLANG_WARN_EMPTY_BODY = YES;
				CLANG_WARN_ENUM_CONVERSION = YES;
				CLANG_WARN_INFINITE_RECURSION = YES;
				CLANG_WARN_INT_CONVERSION = YES;
				CLANG_WARN_NON_LITERAL_NULL_CONVERSION = YES;
				CLANG_WARN_OBJC_IMPLICIT_RETAIN_SELF = YES;
				CLANG_WARN_OBJC_LITERAL_CONVERSION = YES;
				CLANG_WARN_OBJC_ROOT_CLASS = YES_ERROR;
				CLANG_WARN_QUOTED_INCLUDE_IN_FRAMEWORK_HEADER = YES;
				CLANG_WARN_RANGE_LOOP_ANALYSIS = YES;
				CLANG_WARN_STRICT_PROTOTYPES = YES;
				CLANG_WARN_SUSPICIOUS_MOVE = YES;
				CLANG_WARN_UNGUARDED_AVAILABILITY = YES_AGGRESSIVE;
				CLANG_WARN_UNREACHABLE_CODE = YES;
				CLANG_WARN__DUPLICATE_METHOD_MATCH = YES;
				COPY_PHASE_STRIP = NO;
				DEBUG_INFORMATION_FORMAT = dwarf;
				ENABLE_STRICT_OBJC_MSGSEND = YES;
				ENABLE_TESTABILITY = YES;
				GCC_C_LANGUAGE_STANDARD = gnu11;
				GCC_DYNAMIC_NO_PIC = NO;
				GCC_NO_COMMON_BLOCKS = YES;
				GCC_OPTIMIZATION_LEVEL = 0;
				GCC_PREPROCESSOR_DEFINITIONS = (
					"DEBUG=1",
					"$(inherited)",
				);
				GCC_WARN_64_TO_32_BIT_CONVERSION = YES;
				GCC_WARN_ABOUT_RETURN_TYPE = YES_ERROR;
				GCC_WARN_UNDECLARED_SELECTOR = YES;
				GCC_WARN_UNINITIALIZED_AUTOS = YES_AGGRESSIVE;
				GCC_WARN_UNUSED_FUNCTION = YES;
				GCC_WARN_UNUSED_VARIABLE = YES;
				IPHONEOS_DEPLOYMENT_TARGET = 14.0;
				MTL_ENABLE_DEBUG_INFO = INCLUDE_SOURCE;
				MTL_FAST_MATH = YES;
				ONLY_ACTIVE_ARCH = YES;
				SDKROOT = iphoneos;
				SWIFT_ACTIVE_COMPILATION_CONDITIONS = DEBUG;
				SWIFT_OPTIMIZATION_LEVEL = "-Onone";
			};
			name = Debug;
		};
		2C4080162514F61600E8614A /* Release */ = {
			isa = XCBuildConfiguration;
			buildSettings = {
				ALWAYS_SEARCH_USER_PATHS = NO;
				CLANG_ANALYZER_NONNULL = YES;
				CLANG_ANALYZER_NUMBER_OBJECT_CONVERSION = YES_AGGRESSIVE;
				CLANG_CXX_LANGUAGE_STANDARD = "gnu++14";
				CLANG_CXX_LIBRARY = "libc++";
				CLANG_ENABLE_MODULES = YES;
				CLANG_ENABLE_OBJC_ARC = YES;
				CLANG_ENABLE_OBJC_WEAK = YES;
				CLANG_WARN_BLOCK_CAPTURE_AUTORELEASING = YES;
				CLANG_WARN_BOOL_CONVERSION = YES;
				CLANG_WARN_COMMA = YES;
				CLANG_WARN_CONSTANT_CONVERSION = YES;
				CLANG_WARN_DEPRECATED_OBJC_IMPLEMENTATIONS = YES;
				CLANG_WARN_DIRECT_OBJC_ISA_USAGE = YES_ERROR;
				CLANG_WARN_DOCUMENTATION_COMMENTS = YES;
				CLANG_WARN_EMPTY_BODY = YES;
				CLANG_WARN_ENUM_CONVERSION = YES;
				CLANG_WARN_INFINITE_RECURSION = YES;
				CLANG_WARN_INT_CONVERSION = YES;
				CLANG_WARN_NON_LITERAL_NULL_CONVERSION = YES;
				CLANG_WARN_OBJC_IMPLICIT_RETAIN_SELF = YES;
				CLANG_WARN_OBJC_LITERAL_CONVERSION = YES;
				CLANG_WARN_OBJC_ROOT_CLASS = YES_ERROR;
				CLANG_WARN_QUOTED_INCLUDE_IN_FRAMEWORK_HEADER = YES;
				CLANG_WARN_RANGE_LOOP_ANALYSIS = YES;
				CLANG_WARN_STRICT_PROTOTYPES = YES;
				CLANG_WARN_SUSPICIOUS_MOVE = YES;
				CLANG_WARN_UNGUARDED_AVAILABILITY = YES_AGGRESSIVE;
				CLANG_WARN_UNREACHABLE_CODE = YES;
				CLANG_WARN__DUPLICATE_METHOD_MATCH = YES;
				COPY_PHASE_STRIP = NO;
				DEBUG_INFORMATION_FORMAT = "dwarf-with-dsym";
				ENABLE_NS_ASSERTIONS = NO;
				ENABLE_STRICT_OBJC_MSGSEND = YES;
				GCC_C_LANGUAGE_STANDARD = gnu11;
				GCC_NO_COMMON_BLOCKS = YES;
				GCC_WARN_64_TO_32_BIT_CONVERSION = YES;
				GCC_WARN_ABOUT_RETURN_TYPE = YES_ERROR;
				GCC_WARN_UNDECLARED_SELECTOR = YES;
				GCC_WARN_UNINITIALIZED_AUTOS = YES_AGGRESSIVE;
				GCC_WARN_UNUSED_FUNCTION = YES;
				GCC_WARN_UNUSED_VARIABLE = YES;
				IPHONEOS_DEPLOYMENT_TARGET = 14.0;
				MTL_ENABLE_DEBUG_INFO = NO;
				MTL_FAST_MATH = YES;
				SDKROOT = iphoneos;
				SWIFT_COMPILATION_MODE = wholemodule;
				SWIFT_OPTIMIZATION_LEVEL = "-O";
				VALIDATE_PRODUCT = YES;
			};
			name = Release;
		};
		2C4080182514F61600E8614A /* Debug */ = {
			isa = XCBuildConfiguration;
			buildSettings = {
				ASSETCATALOG_COMPILER_APPICON_NAME = AppIcon;
				ASSETCATALOG_COMPILER_GLOBAL_ACCENT_COLOR_NAME = AccentColor;
				CODE_SIGN_STYLE = Automatic;
				INFOPLIST_FILE = TechtaGram/Info.plist;
				LD_RUNPATH_SEARCH_PATHS = (
					"$(inherited)",
					"@executable_path/Frameworks",
				);
				PRODUCT_BUNDLE_IDENTIFIER = com.litech.TechtaGram;
				PRODUCT_NAME = "$(TARGET_NAME)";
				SWIFT_VERSION = 5.0;
				TARGETED_DEVICE_FAMILY = "1,2";
			};
			name = Debug;
		};
		2C4080192514F61600E8614A /* Release */ = {
			isa = XCBuildConfiguration;
			buildSettings = {
				ASSETCATALOG_COMPILER_APPICON_NAME = AppIcon;
				ASSETCATALOG_COMPILER_GLOBAL_ACCENT_COLOR_NAME = AccentColor;
				CODE_SIGN_STYLE = Automatic;
				INFOPLIST_FILE = TechtaGram/Info.plist;
				LD_RUNPATH_SEARCH_PATHS = (
					"$(inherited)",
					"@executable_path/Frameworks",
				);
				PRODUCT_BUNDLE_IDENTIFIER = com.litech.TechtaGram;
				PRODUCT_NAME = "$(TARGET_NAME)";
				SWIFT_VERSION = 5.0;
				TARGETED_DEVICE_FAMILY = "1,2";
			};
			name = Release;
		};
		2C40801B2514F61600E8614A /* Debug */ = {
			isa = XCBuildConfiguration;
			buildSettings = {
				ALWAYS_EMBED_SWIFT_STANDARD_LIBRARIES = YES;
				BUNDLE_LOADER = "$(TEST_HOST)";
				CODE_SIGN_STYLE = Automatic;
				INFOPLIST_FILE = TechtaGramTests/Info.plist;
				IPHONEOS_DEPLOYMENT_TARGET = 14.0;
				LD_RUNPATH_SEARCH_PATHS = (
					"$(inherited)",
					"@executable_path/Frameworks",
					"@loader_path/Frameworks",
				);
				PRODUCT_BUNDLE_IDENTIFIER = com.litech.TechtaGramTests;
				PRODUCT_NAME = "$(TARGET_NAME)";
				SWIFT_VERSION = 5.0;
				TARGETED_DEVICE_FAMILY = "1,2";
				TEST_HOST = "$(BUILT_PRODUCTS_DIR)/TechtaGram.app/TechtaGram";
			};
			name = Debug;
		};
		2C40801C2514F61600E8614A /* Release */ = {
			isa = XCBuildConfiguration;
			buildSettings = {
				ALWAYS_EMBED_SWIFT_STANDARD_LIBRARIES = YES;
				BUNDLE_LOADER = "$(TEST_HOST)";
				CODE_SIGN_STYLE = Automatic;
				INFOPLIST_FILE = TechtaGramTests/Info.plist;
				IPHONEOS_DEPLOYMENT_TARGET = 14.0;
				LD_RUNPATH_SEARCH_PATHS = (
					"$(inherited)",
					"@executable_path/Frameworks",
					"@loader_path/Frameworks",
				);
				PRODUCT_BUNDLE_IDENTIFIER = com.litech.TechtaGramTests;
				PRODUCT_NAME = "$(TARGET_NAME)";
				SWIFT_VERSION = 5.0;
				TARGETED_DEVICE_FAMILY = "1,2";
				TEST_HOST = "$(BUILT_PRODUCTS_DIR)/TechtaGram.app/TechtaGram";
			};
			name = Release;
		};
		2C40801E2514F61600E8614A /* Debug */ = {
			isa = XCBuildConfiguration;
			buildSettings = {
				ALWAYS_EMBED_SWIFT_STANDARD_LIBRARIES = YES;
				CODE_SIGN_STYLE = Automatic;
				INFOPLIST_FILE = TechtaGramUITests/Info.plist;
				LD_RUNPATH_SEARCH_PATHS = (
					"$(inherited)",
					"@executable_path/Frameworks",
					"@loader_path/Frameworks",
				);
				PRODUCT_BUNDLE_IDENTIFIER = com.litech.TechtaGramUITests;
				PRODUCT_NAME = "$(TARGET_NAME)";
				SWIFT_VERSION = 5.0;
				TARGETED_DEVICE_FAMILY = "1,2";
				TEST_TARGET_NAME = TechtaGram;
			};
			name = Debug;
		};
		2C40801F2514F61600E8614A /* Release */ = {
			isa = XCBuildConfiguration;
			buildSettings = {
				ALWAYS_EMBED_SWIFT_STANDARD_LIBRARIES = YES;
				CODE_SIGN_STYLE = Automatic;
				INFOPLIST_FILE = TechtaGramUITests/Info.plist;
				LD_RUNPATH_SEARCH_PATHS = (
					"$(inherited)",
					"@executable_path/Frameworks",
					"@loader_path/Frameworks",
				);
				PRODUCT_BUNDLE_IDENTIFIER = com.litech.TechtaGramUITests;
				PRODUCT_NAME = "$(TARGET_NAME)";
				SWIFT_VERSION = 5.0;
				TARGETED_DEVICE_FAMILY = "1,2";
				TEST_TARGET_NAME = TechtaGram;
			};
			name = Release;
		};
/* End XCBuildConfiguration section */

/* Begin XCConfigurationList section */
		2C407FE82514F61200E8614A /* Build configuration list for PBXProject "TechtaGram" */ = {
			isa = XCConfigurationList;
			buildConfigurations = (
				2C4080152514F61600E8614A /* Debug */,
				2C4080162514F61600E8614A /* Release */,
			);
			defaultConfigurationIsVisible = 0;
			defaultConfigurationName = Release;
		};
		2C4080172514F61600E8614A /* Build configuration list for PBXNativeTarget "TechtaGram" */ = {
			isa = XCConfigurationList;
			buildConfigurations = (
				2C4080182514F61600E8614A /* Debug */,
				2C4080192514F61600E8614A /* Release */,
			);
			defaultConfigurationIsVisible = 0;
			defaultConfigurationName = Release;
		};
		2C40801A2514F61600E8614A /* Build configuration list for PBXNativeTarget "TechtaGramTests" */ = {
			isa = XCConfigurationList;
			buildConfigurations = (
				2C40801B2514F61600E8614A /* Debug */,
				2C40801C2514F61600E8614A /* Release */,
			);
			defaultConfigurationIsVisible = 0;
			defaultConfigurationName = Release;
		};
		2C40801D2514F61600E8614A /* Build configuration list for PBXNativeTarget "TechtaGramUITests" */ = {
			isa = XCConfigurationList;
			buildConfigurations = (
				2C40801E2514F61600E8614A /* Debug */,
				2C40801F2514F61600E8614A /* Release */,
			);
			defaultConfigurationIsVisible = 0;
			defaultConfigurationName = Release;
		};
/* End XCConfigurationList section */
	};
	rootObject = 2C407FE52514F61200E8614A /* Project object */;
}
